
Microsoft Visual Studio Solution File, Format Version 12.00
# Visual Studio Version 17
VisualStudioVersion = 17.3.32819.101
MinimumVisualStudioVersion = 10.0.40219.1
Project("{9A19103F-16F7-4668-BE54-9A1E7A4F7556}") = "PedroTer7.AspNetBasicAuth", "PedroTer7.AspNetBasicAuth\PedroTer7.AspNetBasicAuth.csproj", "{355C95CB-1AE4-43A2-AC03-DE2DEEA3405D}"
EndProject
Project("{FAE04EC0-301F-11D3-BF4B-00C04F79EFBC}") = "PedroTer7.AspNetBasicAuth.Tests", "PedroTer7.AspNetBasicAuth.Tests\PedroTer7.AspNetBasicAuth.Tests.csproj", "{AAD01BF7-8D34-45EA-A053-6817347B9B51}"
EndProject
Global
	GlobalSection(SolutionConfigurationPlatforms) = preSolution
		Debug|Any CPU = Debug|Any CPU
		Release|Any CPU = Release|Any CPU
	EndGlobalSection
	GlobalSection(ProjectConfigurationPlatforms) = postSolution
		{355C95CB-1AE4-43A2-AC03-DE2DEEA3405D}.Debug|Any CPU.ActiveCfg = Debug|Any CPU
		{355C95CB-1AE4-43A2-AC03-DE2DEEA3405D}.Debug|Any CPU.Build.0 = Debug|Any CPU
		{355C95CB-1AE4-43A2-AC03-DE2DEEA3405D}.Release|Any CPU.ActiveCfg = Release|Any CPU
		{355C95CB-1AE4-43A2-AC03-DE2DEEA3405D}.Release|Any CPU.Build.0 = Release|Any CPU
		{AAD01BF7-8D34-45EA-A053-6817347B9B51}.Debug|Any CPU.ActiveCfg = Debug|Any CPU
		{AAD01BF7-8D34-45EA-A053-6817347B9B51}.Debug|Any CPU.Build.0 = Debug|Any CPU
		{AAD01BF7-8D34-45EA-A053-6817347B9B51}.Release|Any CPU.ActiveCfg = Release|Any CPU
		{AAD01BF7-8D34-45EA-A053-6817347B9B51}.Release|Any CPU.Build.0 = Release|Any CPU
	EndGlobalSection
	GlobalSection(SolutionProperties) = preSolution
		HideSolutionNode = FALSE
	EndGlobalSection
	GlobalSection(ExtensibilityGlobals) = postSolution
		SolutionGuid = {EED8D33C-7027-4BF0-B281-49079D234573}
	EndGlobalSection
EndGlobal
